// !$*UTF8*$!
{
	archiveVersion = 1;
	classes = {
	};
	objectVersion = 46;
	objects = {

/* Begin PBXBuildFile section */
		03910B446FDF162A0DF6C166 /* Pods_LearnSwift.framework in Frameworks */ = {isa = PBXBuildFile; fileRef = A3ECF55B560F9543D4D87AA3 /* Pods_LearnSwift.framework */; };
		763F289D1F49CD2F00093378 /* PJRootNavigationController.swift in Sources */ = {isa = PBXBuildFile; fileRef = 763F289C1F49CD2F00093378 /* PJRootNavigationController.swift */; };
		763F289F1F49CDB600093378 /* PJRootTabBarController.swift in Sources */ = {isa = PBXBuildFile; fileRef = 763F289E1F49CDB600093378 /* PJRootTabBarController.swift */; };
		763F28B31F49DB1700093378 /* UIBarButtonItem+Extension.swift in Sources */ = {isa = PBXBuildFile; fileRef = 763F28B11F49DB1700093378 /* UIBarButtonItem+Extension.swift */; };
		763F28B41F49DB1700093378 /* UIView+Extension.swift in Sources */ = {isa = PBXBuildFile; fileRef = 763F28B21F49DB1700093378 /* UIView+Extension.swift */; };
		76CB69FB1F482FC900DAC7CE /* AppDelegate.swift in Sources */ = {isa = PBXBuildFile; fileRef = 76CB69FA1F482FC900DAC7CE /* AppDelegate.swift */; };
		76CB6A021F482FC900DAC7CE /* Assets.xcassets in Resources */ = {isa = PBXBuildFile; fileRef = 76CB6A011F482FC900DAC7CE /* Assets.xcassets */; };
		76CB6A051F482FC900DAC7CE /* LaunchScreen.storyboard in Resources */ = {isa = PBXBuildFile; fileRef = 76CB6A031F482FC900DAC7CE /* LaunchScreen.storyboard */; };
/* End PBXBuildFile section */

/* Begin PBXFileReference section */
		1D03D5ABA8A280B31BE715AA /* Pods-LearnSwift.debug.xcconfig */ = {isa = PBXFileReference; includeInIndex = 1; lastKnownFileType = text.xcconfig; name = "Pods-LearnSwift.debug.xcconfig"; path = "Pods/Target Support Files/Pods-LearnSwift/Pods-LearnSwift.debug.xcconfig"; sourceTree = "<group>"; };
		763F289C1F49CD2F00093378 /* PJRootNavigationController.swift */ = {isa = PBXFileReference; fileEncoding = 4; lastKnownFileType = sourcecode.swift; path = PJRootNavigationController.swift; sourceTree = "<group>"; };
		763F289E1F49CDB600093378 /* PJRootTabBarController.swift */ = {isa = PBXFileReference; fileEncoding = 4; lastKnownFileType = sourcecode.swift; path = PJRootTabBarController.swift; sourceTree = "<group>"; };
		763F28B11F49DB1700093378 /* UIBarButtonItem+Extension.swift */ = {isa = PBXFileReference; fileEncoding = 4; lastKnownFileType = sourcecode.swift; path = "UIBarButtonItem+Extension.swift"; sourceTree = "<group>"; };
		763F28B21F49DB1700093378 /* UIView+Extension.swift */ = {isa = PBXFileReference; fileEncoding = 4; lastKnownFileType = sourcecode.swift; path = "UIView+Extension.swift"; sourceTree = "<group>"; };
		76CB69F71F482FC900DAC7CE /* LearnSwift.app */ = {isa = PBXFileReference; explicitFileType = wrapper.application; includeInIndex = 0; path = LearnSwift.app; sourceTree = BUILT_PRODUCTS_DIR; };
		76CB69FA1F482FC900DAC7CE /* AppDelegate.swift */ = {isa = PBXFileReference; lastKnownFileType = sourcecode.swift; path = AppDelegate.swift; sourceTree = "<group>"; };
		76CB6A011F482FC900DAC7CE /* Assets.xcassets */ = {isa = PBXFileReference; lastKnownFileType = folder.assetcatalog; path = Assets.xcassets; sourceTree = "<group>"; };
		76CB6A041F482FC900DAC7CE /* Base */ = {isa = PBXFileReference; lastKnownFileType = file.storyboard; name = Base; path = Base.lproj/LaunchScreen.storyboard; sourceTree = "<group>"; };
		76CB6A061F482FC900DAC7CE /* Info.plist */ = {isa = PBXFileReference; lastKnownFileType = text.plist.xml; path = Info.plist; sourceTree = "<group>"; };
		A3ECF55B560F9543D4D87AA3 /* Pods_LearnSwift.framework */ = {isa = PBXFileReference; explicitFileType = wrapper.framework; includeInIndex = 0; path = Pods_LearnSwift.framework; sourceTree = BUILT_PRODUCTS_DIR; };
		B43A33FE5BA1DC4D71BC1B34 /* Pods-LearnSwift.release.xcconfig */ = {isa = PBXFileReference; includeInIndex = 1; lastKnownFileType = text.xcconfig; name = "Pods-LearnSwift.release.xcconfig"; path = "Pods/Target Support Files/Pods-LearnSwift/Pods-LearnSwift.release.xcconfig"; sourceTree = "<group>"; };
/* End PBXFileReference section */

/* Begin PBXFrameworksBuildPhase section */
		76CB69F41F482FC900DAC7CE /* Frameworks */ = {
			isa = PBXFrameworksBuildPhase;
			buildActionMask = 2147483647;
			files = (
				03910B446FDF162A0DF6C166 /* Pods_LearnSwift.framework in Frameworks */,
			);
			runOnlyForDeploymentPostprocessing = 0;
		};
/* End PBXFrameworksBuildPhase section */

/* Begin PBXGroup section */
		763F28941F4971F600093378 /* Other Sources */ = {
			isa = PBXGroup;
			children = (
				76CB69FA1F482FC900DAC7CE /* AppDelegate.swift */,
				76CB6A011F482FC900DAC7CE /* Assets.xcassets */,
				76CB6A031F482FC900DAC7CE /* LaunchScreen.storyboard */,
				76CB6A061F482FC900DAC7CE /* Info.plist */,
			);
			name = "Other Sources";
			sourceTree = "<group>";
		};
		763F28971F49881D00093378 /* Universal */ = {
			isa = PBXGroup;
			children = (
				763F289A1F49881D00093378 /* ViewController */,
				763F28981F49881D00093378 /* CustomView */,
				763F28A01F49D02500093378 /* Categories */,
			);
			path = Universal;
			sourceTree = "<group>";
		};
		763F28981F49881D00093378 /* CustomView */ = {
			isa = PBXGroup;
			children = (
			);
			path = CustomView;
			sourceTree = "<group>";
		};
		763F289A1F49881D00093378 /* ViewController */ = {
			isa = PBXGroup;
			children = (
				763F289B1F49883900093378 /* RootViewController */,
			);
			path = ViewController;
			sourceTree = "<group>";
		};
		763F289B1F49883900093378 /* RootViewController */ = {
			isa = PBXGroup;
			children = (
				763F289C1F49CD2F00093378 /* PJRootNavigationController.swift */,
				763F289E1F49CDB600093378 /* PJRootTabBarController.swift */,
			);
			path = RootViewController;
			sourceTree = "<group>";
		};
		763F28A01F49D02500093378 /* Categories */ = {
			isa = PBXGroup;
			children = (
				763F28B11F49DB1700093378 /* UIBarButtonItem+Extension.swift */,
				763F28B21F49DB1700093378 /* UIView+Extension.swift */,
			);
			path = Categories;
			sourceTree = "<group>";
		};
		76CB69EE1F482FC900DAC7CE = {
			isa = PBXGroup;
			children = (
				76CB69F91F482FC900DAC7CE /* LearnSwift */,
				76CB69F81F482FC900DAC7CE /* Products */,
				C7FD5DD25F6E58CB8648B027 /* Pods */,
				B0B879A393DD67C3BB38564B /* Frameworks */,
			);
			sourceTree = "<group>";
		};
		76CB69F81F482FC900DAC7CE /* Products */ = {
			isa = PBXGroup;
			children = (
				76CB69F71F482FC900DAC7CE /* LearnSwift.app */,
			);
			name = Products;
			sourceTree = "<group>";
		};
		76CB69F91F482FC900DAC7CE /* LearnSwift */ = {
			isa = PBXGroup;
			children = (
				763F28971F49881D00093378 /* Universal */,
				763F28941F4971F600093378 /* Other Sources */,
			);
			path = LearnSwift;
			sourceTree = "<group>";
		};
		B0B879A393DD67C3BB38564B /* Frameworks */ = {
			isa = PBXGroup;
			children = (
				A3ECF55B560F9543D4D87AA3 /* Pods_LearnSwift.framework */,
			);
			name = Frameworks;
			sourceTree = "<group>";
		};
		C7FD5DD25F6E58CB8648B027 /* Pods */ = {
			isa = PBXGroup;
			children = (
				1D03D5ABA8A280B31BE715AA /* Pods-LearnSwift.debug.xcconfig */,
				B43A33FE5BA1DC4D71BC1B34 /* Pods-LearnSwift.release.xcconfig */,
			);
			name = Pods;
			sourceTree = "<group>";
		};
/* End PBXGroup section */

/* Begin PBXNativeTarget section */
		76CB69F61F482FC900DAC7CE /* LearnSwift */ = {
			isa = PBXNativeTarget;
			buildConfigurationList = 76CB6A091F482FC900DAC7CE /* Build configuration list for PBXNativeTarget "LearnSwift" */;
			buildPhases = (
				EEA2A75535DA45330AEF4C2B /* [CP] Check Pods Manifest.lock */,
				76CB69F31F482FC900DAC7CE /* Sources */,
				76CB69F41F482FC900DAC7CE /* Frameworks */,
				76CB69F51F482FC900DAC7CE /* Resources */,
				7EFF7B71C4E5DDB0E8182D6B /* [CP] Embed Pods Frameworks */,
				B92C3FC495AF1A4318623083 /* [CP] Copy Pods Resources */,
				76AD70251F496D9300BEF5B5 /* ShellScript */,
			);
			buildRules = (
			);
			dependencies = (
			);
			name = LearnSwift;
			productName = LearnSwift;
			productReference = 76CB69F71F482FC900DAC7CE /* LearnSwift.app */;
			productType = "com.apple.product-type.application";
		};
/* End PBXNativeTarget section */

/* Begin PBXProject section */
		76CB69EF1F482FC900DAC7CE /* Project object */ = {
			isa = PBXProject;
			attributes = {
				CLASSPREFIX = PJ;
				LastSwiftUpdateCheck = 0830;
				LastUpgradeCheck = 0830;
				ORGANIZATIONNAME = Smile;
				TargetAttributes = {
					76CB69F61F482FC900DAC7CE = {
						CreatedOnToolsVersion = 8.3.3;
						DevelopmentTeam = 248J2GVEK6;
						LastSwiftMigration = 0830;
						ProvisioningStyle = Automatic;
					};
				};
			};
			buildConfigurationList = 76CB69F21F482FC900DAC7CE /* Build configuration list for PBXProject "LearnSwift" */;
			compatibilityVersion = "Xcode 3.2";
			developmentRegion = English;
			hasScannedForEncodings = 0;
			knownRegions = (
				en,
				Base,
			);
			mainGroup = 76CB69EE1F482FC900DAC7CE;
			productRefGroup = 76CB69F81F482FC900DAC7CE /* Products */;
			projectDirPath = "";
			projectRoot = "";
			targets = (
				76CB69F61F482FC900DAC7CE /* LearnSwift */,
			);
		};
/* End PBXProject section */

/* Begin PBXResourcesBuildPhase section */
		76CB69F51F482FC900DAC7CE /* Resources */ = {
			isa = PBXResourcesBuildPhase;
			buildActionMask = 2147483647;
			files = (
				76CB6A051F482FC900DAC7CE /* LaunchScreen.storyboard in Resources */,
				76CB6A021F482FC900DAC7CE /* Assets.xcassets in Resources */,
			);
			runOnlyForDeploymentPostprocessing = 0;
		};
/* End PBXResourcesBuildPhase section */

/* Begin PBXShellScriptBuildPhase section */
		76AD70251F496D9300BEF5B5 /* ShellScript */ = {
			isa = PBXShellScriptBuildPhase;
			buildActionMask = 2147483647;
			files = (
			);
			inputPaths = (
			);
			outputPaths = (
			);
			runOnlyForDeploymentPostprocessing = 0;
			shellPath = /bin/sh;
			shellScript = "\"$PODS_ROOT/R.swift/rswift\" \"$SRCROOT/LearnSwift\"";
		};
		7EFF7B71C4E5DDB0E8182D6B /* [CP] Embed Pods Frameworks */ = {
			isa = PBXShellScriptBuildPhase;
			buildActionMask = 2147483647;
			files = (
			);
			inputPaths = (
				"${SRCROOT}/Pods/Target Support Files/Pods-LearnSwift/Pods-LearnSwift-frameworks.sh",
				"${BUILT_PRODUCTS_DIR}/R.swift.Library/Rswift.framework",
				"${BUILT_PRODUCTS_DIR}/SnapKit/SnapKit.framework",
			);
			name = "[CP] Embed Pods Frameworks";
			outputPaths = (
				"${TARGET_BUILD_DIR}/${FRAMEWORKS_FOLDER_PATH}/Rswift.framework",
				"${TARGET_BUILD_DIR}/${FRAMEWORKS_FOLDER_PATH}/SnapKit.framework",
			);
			runOnlyForDeploymentPostprocessing = 0;
			shellPath = /bin/sh;
			shellScript = "\"${SRCROOT}/Pods/Target Support Files/Pods-LearnSwift/Pods-LearnSwift-frameworks.sh\"\n";
			showEnvVarsInLog = 0;
		};
		B92C3FC495AF1A4318623083 /* [CP] Copy Pods Resources */ = {
			isa = PBXShellScriptBuildPhase;
			buildActionMask = 2147483647;
			files = (
			);
			inputPaths = (
			);
			name = "[CP] Copy Pods Resources";
			outputPaths = (
			);
			runOnlyForDeploymentPostprocessing = 0;
			shellPath = /bin/sh;
			shellScript = "\"${SRCROOT}/Pods/Target Support Files/Pods-LearnSwift/Pods-LearnSwift-resources.sh\"\n";
			showEnvVarsInLog = 0;
		};
		EEA2A75535DA45330AEF4C2B /* [CP] Check Pods Manifest.lock */ = {
			isa = PBXShellScriptBuildPhase;
			buildActionMask = 2147483647;
			files = (
			);
			inputPaths = (
				"${PODS_PODFILE_DIR_PATH}/Podfile.lock",
				"${PODS_ROOT}/Manifest.lock",
			);
			name = "[CP] Check Pods Manifest.lock";
			outputPaths = (
				"$(DERIVED_FILE_DIR)/Pods-LearnSwift-checkManifestLockResult.txt",
			);
			runOnlyForDeploymentPostprocessing = 0;
			shellPath = /bin/sh;
			shellScript = "diff \"${PODS_PODFILE_DIR_PATH}/Podfile.lock\" \"${PODS_ROOT}/Manifest.lock\" > /dev/null\nif [ $? != 0 ] ; then\n    # print error to STDERR\n    echo \"error: The sandbox is not in sync with the Podfile.lock. Run 'pod install' or update your CocoaPods installation.\" >&2\n    exit 1\nfi\n# This output is used by Xcode 'outputs' to avoid re-running this script phase.\necho \"SUCCESS\" > \"${SCRIPT_OUTPUT_FILE_0}\"\n";
			showEnvVarsInLog = 0;
		};
/* End PBXShellScriptBuildPhase section */

/* Begin PBXSourcesBuildPhase section */
		76CB69F31F482FC900DAC7CE /* Sources */ = {
			isa = PBXSourcesBuildPhase;
			buildActionMask = 2147483647;
			files = (
				763F28B31F49DB1700093378 /* UIBarButtonItem+Extension.swift in Sources */,
				763F289F1F49CDB600093378 /* PJRootTabBarController.swift in Sources */,
				763F289D1F49CD2F00093378 /* PJRootNavigationController.swift in Sources */,
				763F28B41F49DB1700093378 /* UIView+Extension.swift in Sources */,
				76CB69FB1F482FC900DAC7CE /* AppDelegate.swift in Sources */,
			);
			runOnlyForDeploymentPostprocessing = 0;
		};
/* End PBXSourcesBuildPhase section */

/* Begin PBXVariantGroup section */
		76CB6A031F482FC900DAC7CE /* LaunchScreen.storyboard */ = {
			isa = PBXVariantGroup;
			children = (
				76CB6A041F482FC900DAC7CE /* Base */,
			);
			name = LaunchScreen.storyboard;
			sourceTree = "<group>";
		};
/* End PBXVariantGroup section */

/* Begin XCBuildConfiguration section */
		76CB6A071F482FC900DAC7CE /* Debug */ = {
			isa = XCBuildConfiguration;
			buildSettings = {
				ALWAYS_SEARCH_USER_PATHS = NO;
				CLANG_ANALYZER_NONNULL = YES;
				CLANG_ANALYZER_NUMBER_OBJECT_CONVERSION = YES_AGGRESSIVE;
				CLANG_CXX_LANGUAGE_STANDARD = "gnu++0x";
				CLANG_CXX_LIBRARY = "libc++";
				CLANG_ENABLE_MODULES = YES;
				CLANG_ENABLE_OBJC_ARC = YES;
				CLANG_WARN_BOOL_CONVERSION = YES;
				CLANG_WARN_CONSTANT_CONVERSION = YES;
				CLANG_WARN_DIRECT_OBJC_ISA_USAGE = YES_ERROR;
				CLANG_WARN_DOCUMENTATION_COMMENTS = YES;
				CLANG_WARN_EMPTY_BODY = YES;
				CLANG_WARN_ENUM_CONVERSION = YES;
				CLANG_WARN_INFINITE_RECURSION = YES;
				CLANG_WARN_INT_CONVERSION = YES;
				CLANG_WARN_OBJC_ROOT_CLASS = YES_ERROR;
				CLANG_WARN_SUSPICIOUS_MOVE = YES;
				CLANG_WARN_UNREACHABLE_CODE = YES;
				CLANG_WARN__DUPLICATE_METHOD_MATCH = YES;
				"CODE_SIGN_IDENTITY[sdk=iphoneos*]" = "iPhone Developer";
				COPY_PHASE_STRIP = NO;
				DEBUG_INFORMATION_FORMAT = dwarf;
				ENABLE_STRICT_OBJC_MSGSEND = YES;
				ENABLE_TESTABILITY = YES;
				GCC_C_LANGUAGE_STANDARD = gnu99;
				GCC_DYNAMIC_NO_PIC = NO;
				GCC_NO_COMMON_BLOCKS = YES;
				GCC_OPTIMIZATION_LEVEL = 0;
				GCC_PREPROCESSOR_DEFINITIONS = (
					"DEBUG=1",
					"$(inherited)",
				);
				GCC_WARN_64_TO_32_BIT_CONVERSION = YES;
				GCC_WARN_ABOUT_RETURN_TYPE = YES_ERROR;
				GCC_WARN_UNDECLARED_SELECTOR = YES;
				GCC_WARN_UNINITIALIZED_AUTOS = YES_AGGRESSIVE;
				GCC_WARN_UNUSED_FUNCTION = YES;
				GCC_WARN_UNUSED_VARIABLE = YES;
				IPHONEOS_DEPLOYMENT_TARGET = 10.3;
				MTL_ENABLE_DEBUG_INFO = YES;
				ONLY_ACTIVE_ARCH = YES;
				SDKROOT = iphoneos;
				SWIFT_ACTIVE_COMPILATION_CONDITIONS = DEBUG;
				SWIFT_OPTIMIZATION_LEVEL = "-Onone";
			};
			name = Debug;
		};
		76CB6A081F482FC900DAC7CE /* Release */ = {
			isa = XCBuildConfiguration;
			buildSettings = {
				ALWAYS_SEARCH_USER_PATHS = NO;
				CLANG_ANALYZER_NONNULL = YES;
				CLANG_ANALYZER_NUMBER_OBJECT_CONVERSION = YES_AGGRESSIVE;
				CLANG_CXX_LANGUAGE_STANDARD = "gnu++0x";
				CLANG_CXX_LIBRARY = "libc++";
				CLANG_ENABLE_MODULES = YES;
				CLANG_ENABLE_OBJC_ARC = YES;
				CLANG_WARN_BOOL_CONVERSION = YES;
				CLANG_WARN_CONSTANT_CONVERSION = YES;
				CLANG_WARN_DIRECT_OBJC_ISA_USAGE = YES_ERROR;
				CLANG_WARN_DOCUMENTATION_COMMENTS = YES;
				CLANG_WARN_EMPTY_BODY = YES;
				CLANG_WARN_ENUM_CONVERSION = YES;
				CLANG_WARN_INFINITE_RECURSION = YES;
				CLANG_WARN_INT_CONVERSION = YES;
				CLANG_WARN_OBJC_ROOT_CLASS = YES_ERROR;
				CLANG_WARN_SUSPICIOUS_MOVE = YES;
				CLANG_WARN_UNREACHABLE_CODE = YES;
				CLANG_WARN__DUPLICATE_METHOD_MATCH = YES;
				"CODE_SIGN_IDENTITY[sdk=iphoneos*]" = "iPhone Developer";
				COPY_PHASE_STRIP = NO;
				DEBUG_INFORMATION_FORMAT = "dwarf-with-dsym";
				ENABLE_NS_ASSERTIONS = NO;
				ENABLE_STRICT_OBJC_MSGSEND = YES;
				GCC_C_LANGUAGE_STANDARD = gnu99;
				GCC_NO_COMMON_BLOCKS = YES;
				GCC_WARN_64_TO_32_BIT_CONVERSION = YES;
				GCC_WARN_ABOUT_RETURN_TYPE = YES_ERROR;
				GCC_WARN_UNDECLARED_SELECTOR = YES;
				GCC_WARN_UNINITIALIZED_AUTOS = YES_AGGRESSIVE;
				GCC_WARN_UNUSED_FUNCTION = YES;
				GCC_WARN_UNUSED_VARIABLE = YES;
				IPHONEOS_DEPLOYMENT_TARGET = 10.3;
				MTL_ENABLE_DEBUG_INFO = NO;
				SDKROOT = iphoneos;
				SWIFT_OPTIMIZATION_LEVEL = "-Owholemodule";
				VALIDATE_PRODUCT = YES;
			};
			name = Release;
		};
		76CB6A0A1F482FC900DAC7CE /* Debug */ = {
			isa = XCBuildConfiguration;
			baseConfigurationReference = 1D03D5ABA8A280B31BE715AA /* Pods-LearnSwift.debug.xcconfig */;
			buildSettings = {
				ASSETCATALOG_COMPILER_APPICON_NAME = AppIcon;
				CLANG_ENABLE_MODULES = YES;
				DEVELOPMENT_TEAM = 248J2GVEK6;
				INFOPLIST_FILE = LearnSwift/Info.plist;
				IPHONEOS_DEPLOYMENT_TARGET = 8.0;
				LD_RUNPATH_SEARCH_PATHS = "$(inherited) @executable_path/Frameworks";
				PRODUCT_BUNDLE_IDENTIFIER = com.codelyw.LearnSwift;
				PRODUCT_NAME = "$(TARGET_NAME)";
				SWIFT_OBJC_BRIDGING_HEADER = "";
				SWIFT_OPTIMIZATION_LEVEL = "-Onone";
				SWIFT_VERSION = 3.0;
			};
			name = Debug;
		};
		76CB6A0B1F482FC900DAC7CE /* Release */ = {
			isa = XCBuildConfiguration;
			baseConfigurationReference = B43A33FE5BA1DC4D71BC1B34 /* Pods-LearnSwift.release.xcconfig */;
			buildSettings = {
				ASSETCATALOG_COMPILER_APPICON_NAME = AppIcon;
				CLANG_ENABLE_MODULES = YES;
				DEVELOPMENT_TEAM = 248J2GVEK6;
				INFOPLIST_FILE = LearnSwift/Info.plist;
				IPHONEOS_DEPLOYMENT_TARGET = 8.0;
				LD_RUNPATH_SEARCH_PATHS = "$(inherited) @executable_path/Frameworks";
				PRODUCT_BUNDLE_IDENTIFIER = com.codelyw.LearnSwift;
				PRODUCT_NAME = "$(TARGET_NAME)";
				SWIFT_OBJC_BRIDGING_HEADER = "";
				SWIFT_VERSION = 3.0;
			};
			name = Release;
		};
/* End XCBuildConfiguration section */

/* Begin XCConfigurationList section */
		76CB69F21F482FC900DAC7CE /* Build configuration list for PBXProject "LearnSwift" */ = {
			isa = XCConfigurationList;
			buildConfigurations = (
				76CB6A071F482FC900DAC7CE /* Debug */,
				76CB6A081F482FC900DAC7CE /* Release */,
			);
			defaultConfigurationIsVisible = 0;
			defaultConfigurationName = Release;
		};
		76CB6A091F482FC900DAC7CE /* Build configuration list for PBXNativeTarget "LearnSwift" */ = {
			isa = XCConfigurationList;
			buildConfigurations = (
				76CB6A0A1F482FC900DAC7CE /* Debug */,
				76CB6A0B1F482FC900DAC7CE /* Release */,
			);
			defaultConfigurationIsVisible = 0;
			defaultConfigurationName = Release;
		};
/* End XCConfigurationList section */
	};
	rootObject = 76CB69EF1F482FC900DAC7CE /* Project object */;
}
